
Microsoft Visual Studio Solution File, Format Version 12.00
# Visual Studio 15
VisualStudioVersion = 15.0.26124.0
MinimumVisualStudioVersion = 15.0.26124.0
Project("{FAE04EC0-301F-11D3-BF4B-00C04F79EFBC}") = "Domain", "Domain\Domain.csproj", "{208B5608-CA5D-422D-B0EA-694E50F70C30}"
EndProject
Project("{FAE04EC0-301F-11D3-BF4B-00C04F79EFBC}") = "Application", "Application\Application.csproj", "{F34302F7-4DAF-466D-828B-90B1D74090F0}"
EndProject
Project("{FAE04EC0-301F-11D3-BF4B-00C04F79EFBC}") = "Persistence", "Persistence\Persistence.csproj", "{A90D10A6-B131-44A4-929C-8CAB13327E36}"
EndProject
Project("{FAE04EC0-301F-11D3-BF4B-00C04F79EFBC}") = "API", "API\API.csproj", "{101733CC-AB22-43D3-ABA9-08BBFB9E8426}"
EndProject
Project("{FAE04EC0-301F-11D3-BF4B-00C04F79EFBC}") = "Infrastructure", "Infrastructure\Infrastructure.csproj", "{EBF17040-4C6B-47CD-A18D-97F2CEC3E160}"
EndProject
Global
	GlobalSection(SolutionConfigurationPlatforms) = preSolution
		Debug|Any CPU = Debug|Any CPU
		Debug|x64 = Debug|x64
		Debug|x86 = Debug|x86
		Release|Any CPU = Release|Any CPU
		Release|x64 = Release|x64
		Release|x86 = Release|x86
	EndGlobalSection
	GlobalSection(SolutionProperties) = preSolution
		HideSolutionNode = FALSE
	EndGlobalSection
	GlobalSection(ProjectConfigurationPlatforms) = postSolution
		{208B5608-CA5D-422D-B0EA-694E50F70C30}.Debug|Any CPU.ActiveCfg = Debug|Any CPU
		{208B5608-CA5D-422D-B0EA-694E50F70C30}.Debug|Any CPU.Build.0 = Debug|Any CPU
		{208B5608-CA5D-422D-B0EA-694E50F70C30}.Debug|x64.ActiveCfg = Debug|Any CPU
		{208B5608-CA5D-422D-B0EA-694E50F70C30}.Debug|x64.Build.0 = Debug|Any CPU
		{208B5608-CA5D-422D-B0EA-694E50F70C30}.Debug|x86.ActiveCfg = Debug|Any CPU
		{208B5608-CA5D-422D-B0EA-694E50F70C30}.Debug|x86.Build.0 = Debug|Any CPU
		{208B5608-CA5D-422D-B0EA-694E50F70C30}.Release|Any CPU.ActiveCfg = Release|Any CPU
		{208B5608-CA5D-422D-B0EA-694E50F70C30}.Release|Any CPU.Build.0 = Release|Any CPU
		{208B5608-CA5D-422D-B0EA-694E50F70C30}.Release|x64.ActiveCfg = Release|Any CPU
		{208B5608-CA5D-422D-B0EA-694E50F70C30}.Release|x64.Build.0 = Release|Any CPU
		{208B5608-CA5D-422D-B0EA-694E50F70C30}.Release|x86.ActiveCfg = Release|Any CPU
		{208B5608-CA5D-422D-B0EA-694E50F70C30}.Release|x86.Build.0 = Release|Any CPU
		{F34302F7-4DAF-466D-828B-90B1D74090F0}.Debug|Any CPU.ActiveCfg = Debug|Any CPU
		{F34302F7-4DAF-466D-828B-90B1D74090F0}.Debug|Any CPU.Build.0 = Debug|Any CPU
		{F34302F7-4DAF-466D-828B-90B1D74090F0}.Debug|x64.ActiveCfg = Debug|Any CPU
		{F34302F7-4DAF-466D-828B-90B1D74090F0}.Debug|x64.Build.0 = Debug|Any CPU
		{F34302F7-4DAF-466D-828B-90B1D74090F0}.Debug|x86.ActiveCfg = Debug|Any CPU
		{F34302F7-4DAF-466D-828B-90B1D74090F0}.Debug|x86.Build.0 = Debug|Any CPU
		{F34302F7-4DAF-466D-828B-90B1D74090F0}.Release|Any CPU.ActiveCfg = Release|Any CPU
		{F34302F7-4DAF-466D-828B-90B1D74090F0}.Release|Any CPU.Build.0 = Release|Any CPU
		{F34302F7-4DAF-466D-828B-90B1D74090F0}.Release|x64.ActiveCfg = Release|Any CPU
		{F34302F7-4DAF-466D-828B-90B1D74090F0}.Release|x64.Build.0 = Release|Any CPU
		{F34302F7-4DAF-466D-828B-90B1D74090F0}.Release|x86.ActiveCfg = Release|Any CPU
		{F34302F7-4DAF-466D-828B-90B1D74090F0}.Release|x86.Build.0 = Release|Any CPU
		{A90D10A6-B131-44A4-929C-8CAB13327E36}.Debug|Any CPU.ActiveCfg = Debug|Any CPU
		{A90D10A6-B131-44A4-929C-8CAB13327E36}.Debug|Any CPU.Build.0 = Debug|Any CPU
		{A90D10A6-B131-44A4-929C-8CAB13327E36}.Debug|x64.ActiveCfg = Debug|Any CPU
		{A90D10A6-B131-44A4-929C-8CAB13327E36}.Debug|x64.Build.0 = Debug|Any CPU
		{A90D10A6-B131-44A4-929C-8CAB13327E36}.Debug|x86.ActiveCfg = Debug|Any CPU
		{A90D10A6-B131-44A4-929C-8CAB13327E36}.Debug|x86.Build.0 = Debug|Any CPU
		{A90D10A6-B131-44A4-929C-8CAB13327E36}.Release|Any CPU.ActiveCfg = Release|Any CPU
		{A90D10A6-B131-44A4-929C-8CAB13327E36}.Release|Any CPU.Build.0 = Release|Any CPU
		{A90D10A6-B131-44A4-929C-8CAB13327E36}.Release|x64.ActiveCfg = Release|Any CPU
		{A90D10A6-B131-44A4-929C-8CAB13327E36}.Release|x64.Build.0 = Release|Any CPU
		{A90D10A6-B131-44A4-929C-8CAB13327E36}.Release|x86.ActiveCfg = Release|Any CPU
		{A90D10A6-B131-44A4-929C-8CAB13327E36}.Release|x86.Build.0 = Release|Any CPU
		{101733CC-AB22-43D3-ABA9-08BBFB9E8426}.Debug|Any CPU.ActiveCfg = Debug|Any CPU
		{101733CC-AB22-43D3-ABA9-08BBFB9E8426}.Debug|Any CPU.Build.0 = Debug|Any CPU
		{101733CC-AB22-43D3-ABA9-08BBFB9E8426}.Debug|x64.ActiveCfg = Debug|Any CPU
		{101733CC-AB22-43D3-ABA9-08BBFB9E8426}.Debug|x64.Build.0 = Debug|Any CPU
		{101733CC-AB22-43D3-ABA9-08BBFB9E8426}.Debug|x86.ActiveCfg = Debug|Any CPU
		{101733CC-AB22-43D3-ABA9-08BBFB9E8426}.Debug|x86.Build.0 = Debug|Any CPU
		{101733CC-AB22-43D3-ABA9-08BBFB9E8426}.Release|Any CPU.ActiveCfg = Release|Any CPU
		{101733CC-AB22-43D3-ABA9-08BBFB9E8426}.Release|Any CPU.Build.0 = Release|Any CPU
		{101733CC-AB22-43D3-ABA9-08BBFB9E8426}.Release|x64.ActiveCfg = Release|Any CPU
		{101733CC-AB22-43D3-ABA9-08BBFB9E8426}.Release|x64.Build.0 = Release|Any CPU
		{101733CC-AB22-43D3-ABA9-08BBFB9E8426}.Release|x86.ActiveCfg = Release|Any CPU
		{101733CC-AB22-43D3-ABA9-08BBFB9E8426}.Release|x86.Build.0 = Release|Any CPU
		{EBF17040-4C6B-47CD-A18D-97F2CEC3E160}.Debug|Any CPU.ActiveCfg = Debug|Any CPU
		{EBF17040-4C6B-47CD-A18D-97F2CEC3E160}.Debug|Any CPU.Build.0 = Debug|Any CPU
		{EBF17040-4C6B-47CD-A18D-97F2CEC3E160}.Debug|x64.ActiveCfg = Debug|Any CPU
		{EBF17040-4C6B-47CD-A18D-97F2CEC3E160}.Debug|x64.Build.0 = Debug|Any CPU
		{EBF17040-4C6B-47CD-A18D-97F2CEC3E160}.Debug|x86.ActiveCfg = Debug|Any CPU
		{EBF17040-4C6B-47CD-A18D-97F2CEC3E160}.Debug|x86.Build.0 = Debug|Any CPU
		{EBF17040-4C6B-47CD-A18D-97F2CEC3E160}.Release|Any CPU.ActiveCfg = Release|Any CPU
		{EBF17040-4C6B-47CD-A18D-97F2CEC3E160}.Release|Any CPU.Build.0 = Release|Any CPU
		{EBF17040-4C6B-47CD-A18D-97F2CEC3E160}.Release|x64.ActiveCfg = Release|Any CPU
		{EBF17040-4C6B-47CD-A18D-97F2CEC3E160}.Release|x64.Build.0 = Release|Any CPU
		{EBF17040-4C6B-47CD-A18D-97F2CEC3E160}.Release|x86.ActiveCfg = Release|Any CPU
		{EBF17040-4C6B-47CD-A18D-97F2CEC3E160}.Release|x86.Build.0 = Release|Any CPU
	EndGlobalSection
EndGlobal
